
Microsoft Visual Studio Solution File, Format Version 12.00
# Visual Studio Version 16
VisualStudioVersion = 16.0.29009.5
MinimumVisualStudioVersion = 10.0.40219.1
Project("{9A19103F-16F7-4668-BE54-9A1E7A4F7556}") = "SqlNanite.Std21", "SqlNanite.Std21\SqlNanite.Std21.csproj", "{11C7348C-3A4C-4BD9-8B99-A51C3A3CB9C6}"
EndProject
Project("{9A19103F-16F7-4668-BE54-9A1E7A4F7556}") = "SqlNaniteTest.Core30", "SqlNaniteTest.Core30\SqlNaniteTest.Core30.csproj", "{B884D791-AD34-42DD-9843-7C5E45918DD4}"
EndProject
Project("{9A19103F-16F7-4668-BE54-9A1E7A4F7556}") = "SqlNanite.Std20", "SqlNanite.Std20\SqlNanite.Std20.csproj", "{B3EC50F6-8576-475E-A024-0462CAABBF64}"
EndProject
Project("{FAE04EC0-301F-11D3-BF4B-00C04F79EFBC}") = "SqlNaniteTest.Fx461", "SqlNaniteTest.Fx461\SqlNaniteTest.Fx461.csproj", "{9BE7B42A-3404-465B-9E56-7087C719DB8B}"
EndProject
Global
	GlobalSection(SolutionConfigurationPlatforms) = preSolution
		Debug|Any CPU = Debug|Any CPU
		Release|Any CPU = Release|Any CPU
	EndGlobalSection
	GlobalSection(ProjectConfigurationPlatforms) = postSolution
		{11C7348C-3A4C-4BD9-8B99-A51C3A3CB9C6}.Debug|Any CPU.ActiveCfg = Debug|Any CPU
		{11C7348C-3A4C-4BD9-8B99-A51C3A3CB9C6}.Debug|Any CPU.Build.0 = Debug|Any CPU
		{11C7348C-3A4C-4BD9-8B99-A51C3A3CB9C6}.Release|Any CPU.ActiveCfg = Release|Any CPU
		{11C7348C-3A4C-4BD9-8B99-A51C3A3CB9C6}.Release|Any CPU.Build.0 = Release|Any CPU
		{B884D791-AD34-42DD-9843-7C5E45918DD4}.Debug|Any CPU.ActiveCfg = Debug|Any CPU
		{B884D791-AD34-42DD-9843-7C5E45918DD4}.Debug|Any CPU.Build.0 = Debug|Any CPU
		{B884D791-AD34-42DD-9843-7C5E45918DD4}.Release|Any CPU.ActiveCfg = Release|Any CPU
		{B884D791-AD34-42DD-9843-7C5E45918DD4}.Release|Any CPU.Build.0 = Release|Any CPU
		{B3EC50F6-8576-475E-A024-0462CAABBF64}.Debug|Any CPU.ActiveCfg = Debug|Any CPU
		{B3EC50F6-8576-475E-A024-0462CAABBF64}.Debug|Any CPU.Build.0 = Debug|Any CPU
		{B3EC50F6-8576-475E-A024-0462CAABBF64}.Release|Any CPU.ActiveCfg = Release|Any CPU
		{B3EC50F6-8576-475E-A024-0462CAABBF64}.Release|Any CPU.Build.0 = Release|Any CPU
		{9BE7B42A-3404-465B-9E56-7087C719DB8B}.Debug|Any CPU.ActiveCfg = Debug|Any CPU
		{9BE7B42A-3404-465B-9E56-7087C719DB8B}.Debug|Any CPU.Build.0 = Debug|Any CPU
		{9BE7B42A-3404-465B-9E56-7087C719DB8B}.Release|Any CPU.ActiveCfg = Release|Any CPU
		{9BE7B42A-3404-465B-9E56-7087C719DB8B}.Release|Any CPU.Build.0 = Release|Any CPU
	EndGlobalSection
	GlobalSection(SolutionProperties) = preSolution
		HideSolutionNode = FALSE
	EndGlobalSection
	GlobalSection(ExtensibilityGlobals) = postSolution
		SolutionGuid = {4A73B87B-B76A-4744-8520-ACADA5C7FC36}
	EndGlobalSection
EndGlobal
